{
  "name": "cartas_contra_la_formalidad",
  "lockfileVersion": 3,
  "requires": true,
  "packages": {
    "": {
      "dependencies": {
        "tailwind-animations": "^1.0.1"
      }
    },
    "node_modules/tailwind-animations": {
      "version": "1.0.1",
      "resolved": "https://registry.npmjs.org/tailwind-animations/-/tailwind-animations-1.0.1.tgz",
      "integrity": "sha512-5ouCdgfGS4kcyuzRSb/1O3o9f5Akssi7ue46PHfKjvPLMWjtnzmqM8i6ElES3tKVTyhjSaTPfLti7aB7WSxhZg==",
      "license": "MIT",
      "peerDependencies": {
        "tailwindcss": "^4.0.0"
      }
    },
    "node_modules/tailwindcss": {
      "version": "4.1.18",
      "resolved": "https://registry.npmjs.org/tailwindcss/-/tailwindcss-4.1.18.tgz",
      "integrity": "sha512-4+Z+0yiYyEtUVCScyfHCxOYP06L5Ne+JiHhY2IjR2KWMIWhJOYZKLSGZaP5HkZ8+bY0cxfzwDE5uOmzFXyIwxw==",
      "license": "MIT",
      "peer": true
    }
  }
}
